
Microsoft Visual Studio Solution File, Format Version 12.00
# Visual Studio Version 17
VisualStudioVersion = 17.14.36804.6 d17.14
MinimumVisualStudioVersion = 10.0.40219.1
Project("{FAE04EC0-301F-11D3-BF4B-00C04F79EFBC}") = "FlyweightForest", "FlyweightForest\FlyweightForest.csproj", "{79106422-DED1-439C-9712-B67FCE3F193C}"
EndProject
Global
	GlobalSection(SolutionConfigurationPlatforms) = preSolution
		Debug|Any CPU = Debug|Any CPU
		Release|Any CPU = Release|Any CPU
	EndGlobalSection
	GlobalSection(ProjectConfigurationPlatforms) = postSolution
		{79106422-DED1-439C-9712-B67FCE3F193C}.Debug|Any CPU.ActiveCfg = Debug|Any CPU
		{79106422-DED1-439C-9712-B67FCE3F193C}.Debug|Any CPU.Build.0 = Debug|Any CPU
		{79106422-DED1-439C-9712-B67FCE3F193C}.Release|Any CPU.ActiveCfg = Release|Any CPU
		{79106422-DED1-439C-9712-B67FCE3F193C}.Release|Any CPU.Build.0 = Release|Any CPU
	EndGlobalSection
	GlobalSection(SolutionProperties) = preSolution
		HideSolutionNode = FALSE
	EndGlobalSection
	GlobalSection(ExtensibilityGlobals) = postSolution
		SolutionGuid = {1B1F73DB-FCA3-4B91-9AD8-6988890B17D4}
	EndGlobalSection
EndGlobal
